
Microsoft Visual Studio Solution File, Format Version 12.00
# Visual Studio Version 17
VisualStudioVersion = 17.13.35825.156
MinimumVisualStudioVersion = 10.0.40219.1
Project("{FAE04EC0-301F-11D3-BF4B-00C04F79EFBC}") = "FinanceSystem", "FinanceSystem.csproj", "{8C3A5B44-A215-44F9-902A-780B74F36580}"
EndProject
Global
	GlobalSection(SolutionConfigurationPlatforms) = preSolution
		Debug|Any CPU = Debug|Any CPU
		Release|Any CPU = Release|Any CPU
	EndGlobalSection
	GlobalSection(ProjectConfigurationPlatforms) = postSolution
		{8C3A5B44-A215-44F9-902A-780B74F36580}.Debug|Any CPU.ActiveCfg = Debug|Any CPU
		{8C3A5B44-A215-44F9-902A-780B74F36580}.Debug|Any CPU.Build.0 = Debug|Any CPU
		{8C3A5B44-A215-44F9-902A-780B74F36580}.Release|Any CPU.ActiveCfg = Release|Any CPU
		{8C3A5B44-A215-44F9-902A-780B74F36580}.Release|Any CPU.Build.0 = Release|Any CPU
	EndGlobalSection
	GlobalSection(SolutionProperties) = preSolution
		HideSolutionNode = FALSE
	EndGlobalSection
	GlobalSection(ExtensibilityGlobals) = postSolution
		SolutionGuid = {FB9F00A0-3D73-4B54-A52E-B8C4F3B58FF1}
	EndGlobalSection
EndGlobal
